
Microsoft Visual Studio Solution File, Format Version 12.00
# Visual Studio Version 16
VisualStudioVersion = 16.0.30523.141
MinimumVisualStudioVersion = 10.0.40219.1
Project("{FAE04EC0-301F-11D3-BF4B-00C04F79EFBC}") = "02简单工厂设计模式", "02简单工厂设计模式\02简单工厂设计模式.csproj", "{D8E69BCF-D199-4159-A517-C8A5C7981E8D}"
EndProject
Global
	GlobalSection(SolutionConfigurationPlatforms) = preSolution
		Debug|Any CPU = Debug|Any CPU
		Release|Any CPU = Release|Any CPU
	EndGlobalSection
	GlobalSection(ProjectConfigurationPlatforms) = postSolution
		{D8E69BCF-D199-4159-A517-C8A5C7981E8D}.Debug|Any CPU.ActiveCfg = Debug|Any CPU
		{D8E69BCF-D199-4159-A517-C8A5C7981E8D}.Debug|Any CPU.Build.0 = Debug|Any CPU
		{D8E69BCF-D199-4159-A517-C8A5C7981E8D}.Release|Any CPU.ActiveCfg = Release|Any CPU
		{D8E69BCF-D199-4159-A517-C8A5C7981E8D}.Release|Any CPU.Build.0 = Release|Any CPU
	EndGlobalSection
	GlobalSection(SolutionProperties) = preSolution
		HideSolutionNode = FALSE
	EndGlobalSection
	GlobalSection(ExtensibilityGlobals) = postSolution
		SolutionGuid = {F28BEA20-3B15-44C2-B985-AACE7F63F87A}
	EndGlobalSection
EndGlobal
