
Microsoft Visual Studio Solution File, Format Version 12.00
# Visual Studio Version 16
VisualStudioVersion = 16.0.30523.141
MinimumVisualStudioVersion = 10.0.40219.1
Project("{FAE04EC0-301F-11D3-BF4B-00C04F79EFBC}") = "简单工厂模式", "简单工厂模式\简单工厂模式.csproj", "{AEBB7A17-7CDF-40C3-9C57-3F1818C035AD}"
EndProject
Global
	GlobalSection(SolutionConfigurationPlatforms) = preSolution
		Debug|Any CPU = Debug|Any CPU
		Release|Any CPU = Release|Any CPU
	EndGlobalSection
	GlobalSection(ProjectConfigurationPlatforms) = postSolution
		{AEBB7A17-7CDF-40C3-9C57-3F1818C035AD}.Debug|Any CPU.ActiveCfg = Debug|Any CPU
		{AEBB7A17-7CDF-40C3-9C57-3F1818C035AD}.Debug|Any CPU.Build.0 = Debug|Any CPU
		{AEBB7A17-7CDF-40C3-9C57-3F1818C035AD}.Release|Any CPU.ActiveCfg = Release|Any CPU
		{AEBB7A17-7CDF-40C3-9C57-3F1818C035AD}.Release|Any CPU.Build.0 = Release|Any CPU
	EndGlobalSection
	GlobalSection(SolutionProperties) = preSolution
		HideSolutionNode = FALSE
	EndGlobalSection
	GlobalSection(ExtensibilityGlobals) = postSolution
		SolutionGuid = {E4E674B7-5655-42EF-8665-1B744FA00C8E}
	EndGlobalSection
EndGlobal
